
Microsoft Visual Studio Solution File, Format Version 12.00
# Visual Studio Version 16
VisualStudioVersion = 16.0.29519.87
MinimumVisualStudioVersion = 10.0.40219.1
Project("{FAE04EC0-301F-11D3-BF4B-00C04F79EFBC}") = "Sample.Blazor", "Sample.Blazor\Sample.Blazor.csproj", "{E80539AA-6A57-4922-9AB6-F16384FA293F}"
EndProject
Global
	GlobalSection(SolutionConfigurationPlatforms) = preSolution
		Debug|Any CPU = Debug|Any CPU
		Release|Any CPU = Release|Any CPU
	EndGlobalSection
	GlobalSection(ProjectConfigurationPlatforms) = postSolution
		{E80539AA-6A57-4922-9AB6-F16384FA293F}.Debug|Any CPU.ActiveCfg = Debug|Any CPU
		{E80539AA-6A57-4922-9AB6-F16384FA293F}.Debug|Any CPU.Build.0 = Debug|Any CPU
		{E80539AA-6A57-4922-9AB6-F16384FA293F}.Release|Any CPU.ActiveCfg = Release|Any CPU
		{E80539AA-6A57-4922-9AB6-F16384FA293F}.Release|Any CPU.Build.0 = Release|Any CPU
	EndGlobalSection
	GlobalSection(SolutionProperties) = preSolution
		HideSolutionNode = FALSE
	EndGlobalSection
	GlobalSection(ExtensibilityGlobals) = postSolution
		SolutionGuid = {137B94B8-C276-4EA4-8933-3BEDA749419D}
	EndGlobalSection
EndGlobal
